{
    "_readme": [
        "This file locks the dependencies of your project to a known state",
        "Read more about it at https://getcomposer.org/doc/01-basic-usage.md#composer-lock-the-lock-file",
        "This file is @generated automatically"
    ],
    "content-hash": "b278004791c89a6a595a73126d84c71a",
    "packages": [
        {
            "name": "dflydev/apache-mime-types",
            "version": "v1.0.1",
            "source": {
                "type": "git",
                "url": "https://github.com/dflydev/dflydev-apache-mime-types.git",
                "reference": "f30a57e59b7476e4c5270b6a0727d79c9c0eb861"
            },
            "dist": {
                "type": "zip",
                "url": "https://api.github.com/repos/dflydev/dflydev-apache-mime-types/zipball/f30a57e59b7476e4c5270b6a0727d79c9c0eb861",
                "reference": "f30a57e59b7476e4c5270b6a0727d79c9c0eb861",
                "shasum": ""
            },
            "require": {
                "php": ">=5.3"
            },
            "require-dev": {
                "twig/twig": "1.*"
            },
            "type": "library",
            "extra": {
                "branch-alias": {
                    "dev-master": "1.0-dev"
                }
            },
            "autoload": {
                "psr-0": {
                    "Dflydev\\ApacheMimeTypes": "src"
                }
            },
            "notification-url": "https://packagist.org/downloads/",
            "license": [
                "MIT"
            ],
            "authors": [
                {
                    "name": "Dragonfly Development Inc.",
                    "email": "info@dflydev.com",
                    "homepage": "http://dflydev.com"
                },
                {
                    "name": "Beau Simensen",
                    "email": "beau@dflydev.com",
                    "homepage": "http://beausimensen.com"
                }
            ],
            "description": "Apache MIME Types",
            "keywords": [
                "apache",
                "mime",
                "mimetypes"
            ],
            "time": "2013-05-14T02:02:01+00:00"
        },
        {
            "name": "wgenial/php-mimetyper",
            "version": "1.0.0",
            "source": {
                "type": "git",
                "url": "https://github.com/wgenial/php-mimetyper.git",
                "reference": "48f896cbf44033a9aeff05a7dcb7afa78b4ec540"
            },
            "dist": {
                "type": "zip",
                "url": "https://api.github.com/repos/wgenial/php-mimetyper/zipball/48f896cbf44033a9aeff05a7dcb7afa78b4ec540",
                "reference": "48f896cbf44033a9aeff05a7dcb7afa78b4ec540",
                "shasum": ""
            },
            "require": {
                "dflydev/apache-mime-types": "^1.0"
            },
            "type": "library",
            "autoload": {
                "psr-4": {
                    "MimeTyper\\": "src/"
                }
            },
            "notification-url": "https://packagist.org/downloads/",
            "license": [
                "MIT"
            ],
            "authors": [
                {
                    "name": "Hussard",
                    "email": "adrien.ricartnoblet@gmail.com"
                }
            ],
            "description": "PHP mime type and extension mapping library: compatible with Symfony, powered by jshttp/mime-db",
            "time": "2018-11-05T19:38:36+00:00"
        }
    ],
    "packages-dev": [],
    "aliases": [],
    "minimum-stability": "stable",
    "stability-flags": [],
    "prefer-stable": false,
    "prefer-lowest": false,
    "platform": [],
    "platform-dev": []
}
